# This file is automatically @generated by Cargo.
# It is not intended for manual editing.
version = 4

[[package]]
name = "pcdiag"
version = "0.1.0"
dependencies = [
 "pcdiag-core",
 "pcdiag-windows",
]

[[package]]
name = "pcdiag-core"
version = "0.1.0"

[[package]]
name = "pcdiag-windows"
version = "0.1.0"
dependencies = [
 "pcdiag-core",
]
